
Microsoft Visual Studio Solution File, Format Version 12.00
# Visual Studio Version 16
VisualStudioVersion = 16.0.31624.102
MinimumVisualStudioVersion = 10.0.40219.1
Project("{FAE04EC0-301F-11D3-BF4B-00C04F79EFBC}") = "OCAMS", "OCAMS\OCAMS.csproj", "{CFC9988A-D591-496B-942C-8C4DFD44A444}"
EndProject
Global
	GlobalSection(SolutionConfigurationPlatforms) = preSolution
		Debug|Any CPU = Debug|Any CPU
		Release|Any CPU = Release|Any CPU
	EndGlobalSection
	GlobalSection(ProjectConfigurationPlatforms) = postSolution
		{CFC9988A-D591-496B-942C-8C4DFD44A444}.Debug|Any CPU.ActiveCfg = Debug|Any CPU
		{CFC9988A-D591-496B-942C-8C4DFD44A444}.Debug|Any CPU.Build.0 = Debug|Any CPU
		{CFC9988A-D591-496B-942C-8C4DFD44A444}.Release|Any CPU.ActiveCfg = Release|Any CPU
		{CFC9988A-D591-496B-942C-8C4DFD44A444}.Release|Any CPU.Build.0 = Release|Any CPU
	EndGlobalSection
	GlobalSection(SolutionProperties) = preSolution
		HideSolutionNode = FALSE
	EndGlobalSection
	GlobalSection(ExtensibilityGlobals) = postSolution
		SolutionGuid = {43864DC4-070E-4807-9799-615FFBEB0FD2}
	EndGlobalSection
EndGlobal
